
Microsoft Visual Studio Solution File, Format Version 12.00
# Visual Studio Version 16
VisualStudioVersion = 16.0.29709.97
MinimumVisualStudioVersion = 10.0.40219.1
Project("{9A19103F-16F7-4668-BE54-9A1E7A4F7556}") = "GIFDownloader", "GIFDownloader\GIFDownloader.csproj", "{1859B9F8-6EA6-4054-AEBA-83AE565B6D0D}"
EndProject
Global
	GlobalSection(SolutionConfigurationPlatforms) = preSolution
		Debug|Any CPU = Debug|Any CPU
		Release|Any CPU = Release|Any CPU
	EndGlobalSection
	GlobalSection(ProjectConfigurationPlatforms) = postSolution
		{1859B9F8-6EA6-4054-AEBA-83AE565B6D0D}.Debug|Any CPU.ActiveCfg = Debug|Any CPU
		{1859B9F8-6EA6-4054-AEBA-83AE565B6D0D}.Debug|Any CPU.Build.0 = Debug|Any CPU
		{1859B9F8-6EA6-4054-AEBA-83AE565B6D0D}.Release|Any CPU.ActiveCfg = Release|Any CPU
		{1859B9F8-6EA6-4054-AEBA-83AE565B6D0D}.Release|Any CPU.Build.0 = Release|Any CPU
	EndGlobalSection
	GlobalSection(SolutionProperties) = preSolution
		HideSolutionNode = FALSE
	EndGlobalSection
	GlobalSection(ExtensibilityGlobals) = postSolution
		SolutionGuid = {EEF74B76-4EE1-408A-AEFA-6458B459E477}
	EndGlobalSection
EndGlobal
